
Microsoft Visual Studio Solution File, Format Version 12.00
# Visual Studio Version 16
VisualStudioVersion = 25.0.1703.8
MinimumVisualStudioVersion = 10.0.40219.1
Project("{FAE04EC0-301F-11D3-BF4B-00C04F79EFBC}") = "core-mvc-web", "core-mvc-web\core-mvc-web.csproj", "{0960404F-AB7F-4E0E-A0D9-8DF0B356A822}"
EndProject
Global
	GlobalSection(SolutionConfigurationPlatforms) = preSolution
		Debug|Any CPU = Debug|Any CPU
		Release|Any CPU = Release|Any CPU
	EndGlobalSection
	GlobalSection(ProjectConfigurationPlatforms) = postSolution
		{0960404F-AB7F-4E0E-A0D9-8DF0B356A822}.Debug|Any CPU.ActiveCfg = Debug|Any CPU
		{0960404F-AB7F-4E0E-A0D9-8DF0B356A822}.Debug|Any CPU.Build.0 = Debug|Any CPU
		{0960404F-AB7F-4E0E-A0D9-8DF0B356A822}.Release|Any CPU.ActiveCfg = Release|Any CPU
		{0960404F-AB7F-4E0E-A0D9-8DF0B356A822}.Release|Any CPU.Build.0 = Release|Any CPU
	EndGlobalSection
	GlobalSection(SolutionProperties) = preSolution
		HideSolutionNode = FALSE
	EndGlobalSection
	GlobalSection(ExtensibilityGlobals) = postSolution
		SolutionGuid = {B907323C-06EB-4F0E-9C65-C079DD25BEC6}
	EndGlobalSection
EndGlobal
